
Microsoft Visual Studio Solution File, Format Version 12.00
# Visual Studio Version 17
VisualStudioVersion = 17.1.32228.430
MinimumVisualStudioVersion = 10.0.40219.1
Project("{8BC9CEB8-8B4A-11D0-8D11-00A0C91BC942}") = "CoreLib", "CoreLib\CoreLib.vcxproj", "{763676DB-D7BC-4FFD-8310-B91A37D796C1}"
EndProject
Project("{8BC9CEB8-8B4A-11D0-8D11-00A0C91BC942}") = "MsiFileLib", "MsiFileLib\MsiFileLib.vcxproj", "{7E93B200-1854-42F0-85A6-43B071594DA1}"
	ProjectSection(ProjectDependencies) = postProject
		{763676DB-D7BC-4FFD-8310-B91A37D796C1} = {763676DB-D7BC-4FFD-8310-B91A37D796C1}
	EndProjectSection
EndProject
Project("{8BC9CEB8-8B4A-11D0-8D11-00A0C91BC942}") = "MsiFileReader", "MsiFileReader\MsiFileReader.vcxproj", "{429C567A-BF98-4FBB-8FA2-36B5ABADE700}"
	ProjectSection(ProjectDependencies) = postProject
		{7E93B200-1854-42F0-85A6-43B071594DA1} = {7E93B200-1854-42F0-85A6-43B071594DA1}
		{763676DB-D7BC-4FFD-8310-B91A37D796C1} = {763676DB-D7BC-4FFD-8310-B91A37D796C1}
	EndProjectSection
EndProject
Project("{8BC9CEB8-8B4A-11D0-8D11-00A0C91BC942}") = "VmIpAddressFinder", "VmIpAddressFinder\VmIpAddressFinder.vcxproj", "{434D39B6-A5C4-4381-96A2-6284C41C6FFE}"
	ProjectSection(ProjectDependencies) = postProject
		{763676DB-D7BC-4FFD-8310-B91A37D796C1} = {763676DB-D7BC-4FFD-8310-B91A37D796C1}
	EndProjectSection
EndProject
Project("{8BC9CEB8-8B4A-11D0-8D11-00A0C91BC942}") = "UnitTestCoreLib", "UnitTestCoreLib\UnitTestCoreLib.vcxproj", "{0086053A-F18A-4F57-AEB6-CC960AD2B18E}"
EndProject
Project("{8BC9CEB8-8B4A-11D0-8D11-00A0C91BC942}") = "WakeOnLan", "WakeOnLan\WakeOnLan.vcxproj", "{71966911-EC98-4FB0-9013-C0CC771B8426}"
	ProjectSection(ProjectDependencies) = postProject
		{F67B49F1-7636-4F82-A8B4-186E352F66D9} = {F67B49F1-7636-4F82-A8B4-186E352F66D9}
	EndProjectSection
EndProject
Project("{8BC9CEB8-8B4A-11D0-8D11-00A0C91BC942}") = "SocketLib", "SocketLib\SocketLib.vcxproj", "{F67B49F1-7636-4F82-A8B4-186E352F66D9}"
	ProjectSection(ProjectDependencies) = postProject
		{763676DB-D7BC-4FFD-8310-B91A37D796C1} = {763676DB-D7BC-4FFD-8310-B91A37D796C1}
	EndProjectSection
EndProject
Project("{FAE04EC0-301F-11D3-BF4B-00C04F79EFBC}") = "HttpRelay", "HttpRelay\HttpRelay.csproj", "{30D895D3-78DE-41FE-B49B-A13D6B6B7404}"
EndProject
Project("{8BC9CEB8-8B4A-11D0-8D11-00A0C91BC942}") = "WindowFinder", "WindowFinder\WindowFinder.vcxproj", "{903C3B69-8E1D-451F-A31D-C9584A0A3D0F}"
	ProjectSection(ProjectDependencies) = postProject
		{763676DB-D7BC-4FFD-8310-B91A37D796C1} = {763676DB-D7BC-4FFD-8310-B91A37D796C1}
	EndProjectSection
EndProject
Project("{8BC9CEB8-8B4A-11D0-8D11-00A0C91BC942}") = "KeyCatcher", "KeyCatcher\KeyCatcher.vcxproj", "{7A58E949-41B2-48DE-8CD4-BF4B466B4865}"
	ProjectSection(ProjectDependencies) = postProject
		{763676DB-D7BC-4FFD-8310-B91A37D796C1} = {763676DB-D7BC-4FFD-8310-B91A37D796C1}
	EndProjectSection
EndProject
Project("{8BC9CEB8-8B4A-11D0-8D11-00A0C91BC942}") = "MyGhostTypist", "MyGhostTypist\MyGhostTypist.vcxproj", "{3E6E28FF-7355-46F8-A99E-31319D3A4768}"
	ProjectSection(ProjectDependencies) = postProject
		{F049D005-6C7F-49C6-A9F4-20F6136407BB} = {F049D005-6C7F-49C6-A9F4-20F6136407BB}
		{AFF31848-C679-41DF-AE92-9DA02B95A4AF} = {AFF31848-C679-41DF-AE92-9DA02B95A4AF}
		{763676DB-D7BC-4FFD-8310-B91A37D796C1} = {763676DB-D7BC-4FFD-8310-B91A37D796C1}
		{1CCEF9F8-ED25-44EF-9075-33E4009ED38C} = {1CCEF9F8-ED25-44EF-9075-33E4009ED38C}
	EndProjectSection
EndProject
Project("{8BC9CEB8-8B4A-11D0-8D11-00A0C91BC942}") = "KeyboardMouseBridge", "KeyboardMouseBridge\KeyboardMouseBridge.vcxproj", "{1CCEF9F8-ED25-44EF-9075-33E4009ED38C}"
	ProjectSection(ProjectDependencies) = postProject
		{F049D005-6C7F-49C6-A9F4-20F6136407BB} = {F049D005-6C7F-49C6-A9F4-20F6136407BB}
		{AFF31848-C679-41DF-AE92-9DA02B95A4AF} = {AFF31848-C679-41DF-AE92-9DA02B95A4AF}
		{763676DB-D7BC-4FFD-8310-B91A37D796C1} = {763676DB-D7BC-4FFD-8310-B91A37D796C1}
	EndProjectSection
EndProject
Project("{8BC9CEB8-8B4A-11D0-8D11-00A0C91BC942}") = "KeyboardMouse32", "KeyboardMouse\KeyboardMouse32.vcxproj", "{F049D005-6C7F-49C6-A9F4-20F6136407BB}"
EndProject
Project("{8BC9CEB8-8B4A-11D0-8D11-00A0C91BC942}") = "KeyboardMouse64", "KeyboardMouse\KeyboardMouse64.vcxproj", "{AFF31848-C679-41DF-AE92-9DA02B95A4AF}"
	ProjectSection(ProjectDependencies) = postProject
		{763676DB-D7BC-4FFD-8310-B91A37D796C1} = {763676DB-D7BC-4FFD-8310-B91A37D796C1}
	EndProjectSection
EndProject
Project("{930C7802-8A8C-48F9-8165-68863BCCD9DD}") = "MyGhostTypistInstaller", "MyGhostTypistInstaller\MyGhostTypistInstaller.wixproj", "{6608CCFE-6D0F-4902-9B22-73BD382FA49C}"
	ProjectSection(ProjectDependencies) = postProject
		{3E6E28FF-7355-46F8-A99E-31319D3A4768} = {3E6E28FF-7355-46F8-A99E-31319D3A4768}
	EndProjectSection
EndProject
Project("{8BC9CEB8-8B4A-11D0-8D11-00A0C91BC942}") = "GuidGen2", "GuidGen2\GuidGen2.vcxproj", "{2C9A1ADC-F417-4C66-88C4-87A56151EBAA}"
	ProjectSection(ProjectDependencies) = postProject
		{DCB74E6F-7EB8-42DA-8C28-1DD904E92E59} = {DCB74E6F-7EB8-42DA-8C28-1DD904E92E59}
		{763676DB-D7BC-4FFD-8310-B91A37D796C1} = {763676DB-D7BC-4FFD-8310-B91A37D796C1}
	EndProjectSection
EndProject
Project("{8BC9CEB8-8B4A-11D0-8D11-00A0C91BC942}") = "Checksum", "Checksum\Checksum.vcxproj", "{0709B491-F85E-470A-9125-A0AC5D47B1AD}"
	ProjectSection(ProjectDependencies) = postProject
		{DCB74E6F-7EB8-42DA-8C28-1DD904E92E59} = {DCB74E6F-7EB8-42DA-8C28-1DD904E92E59}
		{763676DB-D7BC-4FFD-8310-B91A37D796C1} = {763676DB-D7BC-4FFD-8310-B91A37D796C1}
	EndProjectSection
EndProject
Project("{8BC9CEB8-8B4A-11D0-8D11-00A0C91BC942}") = "WindowAppLib", "WindowAppLib\WindowAppLib.vcxproj", "{DCB74E6F-7EB8-42DA-8C28-1DD904E92E59}"
	ProjectSection(ProjectDependencies) = postProject
		{763676DB-D7BC-4FFD-8310-B91A37D796C1} = {763676DB-D7BC-4FFD-8310-B91A37D796C1}
	EndProjectSection
EndProject
Global
	GlobalSection(SolutionConfigurationPlatforms) = preSolution
		Debug|Any CPU = Debug|Any CPU
		Debug|x64 = Debug|x64
		Debug|x86 = Debug|x86
		Release|Any CPU = Release|Any CPU
		Release|x64 = Release|x64
		Release|x86 = Release|x86
	EndGlobalSection
	GlobalSection(ProjectConfigurationPlatforms) = postSolution
		{763676DB-D7BC-4FFD-8310-B91A37D796C1}.Debug|Any CPU.ActiveCfg = Debug|Win32
		{763676DB-D7BC-4FFD-8310-B91A37D796C1}.Debug|x64.ActiveCfg = Debug|x64
		{763676DB-D7BC-4FFD-8310-B91A37D796C1}.Debug|x64.Build.0 = Debug|x64
		{763676DB-D7BC-4FFD-8310-B91A37D796C1}.Debug|x86.ActiveCfg = Debug|Win32
		{763676DB-D7BC-4FFD-8310-B91A37D796C1}.Debug|x86.Build.0 = Debug|Win32
		{763676DB-D7BC-4FFD-8310-B91A37D796C1}.Release|Any CPU.ActiveCfg = Release|Win32
		{763676DB-D7BC-4FFD-8310-B91A37D796C1}.Release|x64.ActiveCfg = Release|x64
		{763676DB-D7BC-4FFD-8310-B91A37D796C1}.Release|x64.Build.0 = Release|x64
		{763676DB-D7BC-4FFD-8310-B91A37D796C1}.Release|x86.ActiveCfg = Release|Win32
		{763676DB-D7BC-4FFD-8310-B91A37D796C1}.Release|x86.Build.0 = Release|Win32
		{7E93B200-1854-42F0-85A6-43B071594DA1}.Debug|Any CPU.ActiveCfg = Debug|Win32
		{7E93B200-1854-42F0-85A6-43B071594DA1}.Debug|x64.ActiveCfg = Debug|x64
		{7E93B200-1854-42F0-85A6-43B071594DA1}.Debug|x64.Build.0 = Debug|x64
		{7E93B200-1854-42F0-85A6-43B071594DA1}.Debug|x86.ActiveCfg = Debug|Win32
		{7E93B200-1854-42F0-85A6-43B071594DA1}.Debug|x86.Build.0 = Debug|Win32
		{7E93B200-1854-42F0-85A6-43B071594DA1}.Release|Any CPU.ActiveCfg = Release|Win32
		{7E93B200-1854-42F0-85A6-43B071594DA1}.Release|x64.ActiveCfg = Release|x64
		{7E93B200-1854-42F0-85A6-43B071594DA1}.Release|x64.Build.0 = Release|x64
		{7E93B200-1854-42F0-85A6-43B071594DA1}.Release|x86.ActiveCfg = Release|Win32
		{7E93B200-1854-42F0-85A6-43B071594DA1}.Release|x86.Build.0 = Release|Win32
		{429C567A-BF98-4FBB-8FA2-36B5ABADE700}.Debug|Any CPU.ActiveCfg = Debug|Win32
		{429C567A-BF98-4FBB-8FA2-36B5ABADE700}.Debug|x64.ActiveCfg = Debug|x64
		{429C567A-BF98-4FBB-8FA2-36B5ABADE700}.Debug|x64.Build.0 = Debug|x64
		{429C567A-BF98-4FBB-8FA2-36B5ABADE700}.Debug|x86.ActiveCfg = Debug|Win32
		{429C567A-BF98-4FBB-8FA2-36B5ABADE700}.Debug|x86.Build.0 = Debug|Win32
		{429C567A-BF98-4FBB-8FA2-36B5ABADE700}.Release|Any CPU.ActiveCfg = Release|Win32
		{429C567A-BF98-4FBB-8FA2-36B5ABADE700}.Release|x64.ActiveCfg = Release|x64
		{429C567A-BF98-4FBB-8FA2-36B5ABADE700}.Release|x64.Build.0 = Release|x64
		{429C567A-BF98-4FBB-8FA2-36B5ABADE700}.Release|x86.ActiveCfg = Release|Win32
		{429C567A-BF98-4FBB-8FA2-36B5ABADE700}.Release|x86.Build.0 = Release|Win32
		{434D39B6-A5C4-4381-96A2-6284C41C6FFE}.Debug|Any CPU.ActiveCfg = Debug|Win32
		{434D39B6-A5C4-4381-96A2-6284C41C6FFE}.Debug|x64.ActiveCfg = Debug|x64
		{434D39B6-A5C4-4381-96A2-6284C41C6FFE}.Debug|x64.Build.0 = Debug|x64
		{434D39B6-A5C4-4381-96A2-6284C41C6FFE}.Debug|x86.ActiveCfg = Debug|Win32
		{434D39B6-A5C4-4381-96A2-6284C41C6FFE}.Debug|x86.Build.0 = Debug|Win32
		{434D39B6-A5C4-4381-96A2-6284C41C6FFE}.Release|Any CPU.ActiveCfg = Release|Win32
		{434D39B6-A5C4-4381-96A2-6284C41C6FFE}.Release|x64.ActiveCfg = Release|x64
		{434D39B6-A5C4-4381-96A2-6284C41C6FFE}.Release|x64.Build.0 = Release|x64
		{434D39B6-A5C4-4381-96A2-6284C41C6FFE}.Release|x86.ActiveCfg = Release|Win32
		{434D39B6-A5C4-4381-96A2-6284C41C6FFE}.Release|x86.Build.0 = Release|Win32
		{0086053A-F18A-4F57-AEB6-CC960AD2B18E}.Debug|Any CPU.ActiveCfg = Debug|Win32
		{0086053A-F18A-4F57-AEB6-CC960AD2B18E}.Debug|x64.ActiveCfg = Debug|x64
		{0086053A-F18A-4F57-AEB6-CC960AD2B18E}.Debug|x64.Build.0 = Debug|x64
		{0086053A-F18A-4F57-AEB6-CC960AD2B18E}.Debug|x86.ActiveCfg = Debug|Win32
		{0086053A-F18A-4F57-AEB6-CC960AD2B18E}.Debug|x86.Build.0 = Debug|Win32
		{0086053A-F18A-4F57-AEB6-CC960AD2B18E}.Release|Any CPU.ActiveCfg = Release|Win32
		{0086053A-F18A-4F57-AEB6-CC960AD2B18E}.Release|x64.ActiveCfg = Release|x64
		{0086053A-F18A-4F57-AEB6-CC960AD2B18E}.Release|x64.Build.0 = Release|x64
		{0086053A-F18A-4F57-AEB6-CC960AD2B18E}.Release|x86.ActiveCfg = Release|Win32
		{0086053A-F18A-4F57-AEB6-CC960AD2B18E}.Release|x86.Build.0 = Release|Win32
		{71966911-EC98-4FB0-9013-C0CC771B8426}.Debug|Any CPU.ActiveCfg = Debug|Win32
		{71966911-EC98-4FB0-9013-C0CC771B8426}.Debug|x64.ActiveCfg = Debug|x64
		{71966911-EC98-4FB0-9013-C0CC771B8426}.Debug|x64.Build.0 = Debug|x64
		{71966911-EC98-4FB0-9013-C0CC771B8426}.Debug|x86.ActiveCfg = Debug|Win32
		{71966911-EC98-4FB0-9013-C0CC771B8426}.Debug|x86.Build.0 = Debug|Win32
		{71966911-EC98-4FB0-9013-C0CC771B8426}.Release|Any CPU.ActiveCfg = Release|Win32
		{71966911-EC98-4FB0-9013-C0CC771B8426}.Release|x64.ActiveCfg = Release|x64
		{71966911-EC98-4FB0-9013-C0CC771B8426}.Release|x64.Build.0 = Release|x64
		{71966911-EC98-4FB0-9013-C0CC771B8426}.Release|x86.ActiveCfg = Release|Win32
		{71966911-EC98-4FB0-9013-C0CC771B8426}.Release|x86.Build.0 = Release|Win32
		{F67B49F1-7636-4F82-A8B4-186E352F66D9}.Debug|Any CPU.ActiveCfg = Debug|Win32
		{F67B49F1-7636-4F82-A8B4-186E352F66D9}.Debug|x64.ActiveCfg = Debug|x64
		{F67B49F1-7636-4F82-A8B4-186E352F66D9}.Debug|x64.Build.0 = Debug|x64
		{F67B49F1-7636-4F82-A8B4-186E352F66D9}.Debug|x86.ActiveCfg = Debug|Win32
		{F67B49F1-7636-4F82-A8B4-186E352F66D9}.Debug|x86.Build.0 = Debug|Win32
		{F67B49F1-7636-4F82-A8B4-186E352F66D9}.Release|Any CPU.ActiveCfg = Release|Win32
		{F67B49F1-7636-4F82-A8B4-186E352F66D9}.Release|x64.ActiveCfg = Release|x64
		{F67B49F1-7636-4F82-A8B4-186E352F66D9}.Release|x64.Build.0 = Release|x64
		{F67B49F1-7636-4F82-A8B4-186E352F66D9}.Release|x86.ActiveCfg = Release|Win32
		{F67B49F1-7636-4F82-A8B4-186E352F66D9}.Release|x86.Build.0 = Release|Win32
		{30D895D3-78DE-41FE-B49B-A13D6B6B7404}.Debug|Any CPU.ActiveCfg = Debug|Any CPU
		{30D895D3-78DE-41FE-B49B-A13D6B6B7404}.Debug|Any CPU.Build.0 = Debug|Any CPU
		{30D895D3-78DE-41FE-B49B-A13D6B6B7404}.Debug|x64.ActiveCfg = Debug|x64
		{30D895D3-78DE-41FE-B49B-A13D6B6B7404}.Debug|x64.Build.0 = Debug|x64
		{30D895D3-78DE-41FE-B49B-A13D6B6B7404}.Debug|x86.ActiveCfg = Debug|Any CPU
		{30D895D3-78DE-41FE-B49B-A13D6B6B7404}.Debug|x86.Build.0 = Debug|Any CPU
		{30D895D3-78DE-41FE-B49B-A13D6B6B7404}.Release|Any CPU.ActiveCfg = Release|Any CPU
		{30D895D3-78DE-41FE-B49B-A13D6B6B7404}.Release|Any CPU.Build.0 = Release|Any CPU
		{30D895D3-78DE-41FE-B49B-A13D6B6B7404}.Release|x64.ActiveCfg = Release|x64
		{30D895D3-78DE-41FE-B49B-A13D6B6B7404}.Release|x64.Build.0 = Release|x64
		{30D895D3-78DE-41FE-B49B-A13D6B6B7404}.Release|x86.ActiveCfg = Release|Any CPU
		{30D895D3-78DE-41FE-B49B-A13D6B6B7404}.Release|x86.Build.0 = Release|Any CPU
		{903C3B69-8E1D-451F-A31D-C9584A0A3D0F}.Debug|Any CPU.ActiveCfg = Debug|Win32
		{903C3B69-8E1D-451F-A31D-C9584A0A3D0F}.Debug|x64.ActiveCfg = Debug|x64
		{903C3B69-8E1D-451F-A31D-C9584A0A3D0F}.Debug|x64.Build.0 = Debug|x64
		{903C3B69-8E1D-451F-A31D-C9584A0A3D0F}.Debug|x86.ActiveCfg = Debug|Win32
		{903C3B69-8E1D-451F-A31D-C9584A0A3D0F}.Debug|x86.Build.0 = Debug|Win32
		{903C3B69-8E1D-451F-A31D-C9584A0A3D0F}.Release|Any CPU.ActiveCfg = Release|Win32
		{903C3B69-8E1D-451F-A31D-C9584A0A3D0F}.Release|x64.ActiveCfg = Release|x64
		{903C3B69-8E1D-451F-A31D-C9584A0A3D0F}.Release|x64.Build.0 = Release|x64
		{903C3B69-8E1D-451F-A31D-C9584A0A3D0F}.Release|x86.ActiveCfg = Release|Win32
		{903C3B69-8E1D-451F-A31D-C9584A0A3D0F}.Release|x86.Build.0 = Release|Win32
		{7A58E949-41B2-48DE-8CD4-BF4B466B4865}.Debug|Any CPU.ActiveCfg = Debug|Win32
		{7A58E949-41B2-48DE-8CD4-BF4B466B4865}.Debug|x64.ActiveCfg = Debug|x64
		{7A58E949-41B2-48DE-8CD4-BF4B466B4865}.Debug|x64.Build.0 = Debug|x64
		{7A58E949-41B2-48DE-8CD4-BF4B466B4865}.Debug|x86.ActiveCfg = Debug|Win32
		{7A58E949-41B2-48DE-8CD4-BF4B466B4865}.Debug|x86.Build.0 = Debug|Win32
		{7A58E949-41B2-48DE-8CD4-BF4B466B4865}.Release|Any CPU.ActiveCfg = Release|Win32
		{7A58E949-41B2-48DE-8CD4-BF4B466B4865}.Release|x64.ActiveCfg = Release|x64
		{7A58E949-41B2-48DE-8CD4-BF4B466B4865}.Release|x64.Build.0 = Release|x64
		{7A58E949-41B2-48DE-8CD4-BF4B466B4865}.Release|x86.ActiveCfg = Release|Win32
		{7A58E949-41B2-48DE-8CD4-BF4B466B4865}.Release|x86.Build.0 = Release|Win32
		{3E6E28FF-7355-46F8-A99E-31319D3A4768}.Debug|Any CPU.ActiveCfg = Debug|x64
		{3E6E28FF-7355-46F8-A99E-31319D3A4768}.Debug|x64.ActiveCfg = Debug|x64
		{3E6E28FF-7355-46F8-A99E-31319D3A4768}.Debug|x64.Build.0 = Debug|x64
		{3E6E28FF-7355-46F8-A99E-31319D3A4768}.Debug|x86.ActiveCfg = Debug|x64
		{3E6E28FF-7355-46F8-A99E-31319D3A4768}.Release|Any CPU.ActiveCfg = Release|x64
		{3E6E28FF-7355-46F8-A99E-31319D3A4768}.Release|x64.ActiveCfg = Release|x64
		{3E6E28FF-7355-46F8-A99E-31319D3A4768}.Release|x64.Build.0 = Release|x64
		{3E6E28FF-7355-46F8-A99E-31319D3A4768}.Release|x86.ActiveCfg = Release|x64
		{1CCEF9F8-ED25-44EF-9075-33E4009ED38C}.Debug|Any CPU.ActiveCfg = Debug|Win32
		{1CCEF9F8-ED25-44EF-9075-33E4009ED38C}.Debug|x64.ActiveCfg = Debug|x64
		{1CCEF9F8-ED25-44EF-9075-33E4009ED38C}.Debug|x64.Build.0 = Debug|x64
		{1CCEF9F8-ED25-44EF-9075-33E4009ED38C}.Debug|x86.ActiveCfg = Debug|Win32
		{1CCEF9F8-ED25-44EF-9075-33E4009ED38C}.Debug|x86.Build.0 = Debug|Win32
		{1CCEF9F8-ED25-44EF-9075-33E4009ED38C}.Release|Any CPU.ActiveCfg = Release|Win32
		{1CCEF9F8-ED25-44EF-9075-33E4009ED38C}.Release|x64.ActiveCfg = Release|x64
		{1CCEF9F8-ED25-44EF-9075-33E4009ED38C}.Release|x64.Build.0 = Release|x64
		{1CCEF9F8-ED25-44EF-9075-33E4009ED38C}.Release|x86.ActiveCfg = Release|Win32
		{1CCEF9F8-ED25-44EF-9075-33E4009ED38C}.Release|x86.Build.0 = Release|Win32
		{F049D005-6C7F-49C6-A9F4-20F6136407BB}.Debug|Any CPU.ActiveCfg = Debug|Win32
		{F049D005-6C7F-49C6-A9F4-20F6136407BB}.Debug|x64.ActiveCfg = Debug|Win32
		{F049D005-6C7F-49C6-A9F4-20F6136407BB}.Debug|x64.Build.0 = Debug|Win32
		{F049D005-6C7F-49C6-A9F4-20F6136407BB}.Debug|x86.ActiveCfg = Debug|Win32
		{F049D005-6C7F-49C6-A9F4-20F6136407BB}.Debug|x86.Build.0 = Debug|Win32
		{F049D005-6C7F-49C6-A9F4-20F6136407BB}.Release|Any CPU.ActiveCfg = Release|Win32
		{F049D005-6C7F-49C6-A9F4-20F6136407BB}.Release|x64.ActiveCfg = Release|Win32
		{F049D005-6C7F-49C6-A9F4-20F6136407BB}.Release|x64.Build.0 = Release|Win32
		{F049D005-6C7F-49C6-A9F4-20F6136407BB}.Release|x86.ActiveCfg = Release|Win32
		{F049D005-6C7F-49C6-A9F4-20F6136407BB}.Release|x86.Build.0 = Release|Win32
		{AFF31848-C679-41DF-AE92-9DA02B95A4AF}.Debug|Any CPU.ActiveCfg = Debug|x64
		{AFF31848-C679-41DF-AE92-9DA02B95A4AF}.Debug|x64.ActiveCfg = Debug|x64
		{AFF31848-C679-41DF-AE92-9DA02B95A4AF}.Debug|x64.Build.0 = Debug|x64
		{AFF31848-C679-41DF-AE92-9DA02B95A4AF}.Debug|x86.ActiveCfg = Debug|x64
		{AFF31848-C679-41DF-AE92-9DA02B95A4AF}.Release|Any CPU.ActiveCfg = Release|x64
		{AFF31848-C679-41DF-AE92-9DA02B95A4AF}.Release|x64.ActiveCfg = Release|x64
		{AFF31848-C679-41DF-AE92-9DA02B95A4AF}.Release|x64.Build.0 = Release|x64
		{AFF31848-C679-41DF-AE92-9DA02B95A4AF}.Release|x86.ActiveCfg = Release|x64
		{6608CCFE-6D0F-4902-9B22-73BD382FA49C}.Debug|Any CPU.ActiveCfg = Debug|x86
		{6608CCFE-6D0F-4902-9B22-73BD382FA49C}.Debug|Any CPU.Build.0 = Debug|x86
		{6608CCFE-6D0F-4902-9B22-73BD382FA49C}.Debug|x64.ActiveCfg = Debug|x86
		{6608CCFE-6D0F-4902-9B22-73BD382FA49C}.Debug|x64.Build.0 = Debug|x86
		{6608CCFE-6D0F-4902-9B22-73BD382FA49C}.Debug|x86.ActiveCfg = Debug|x86
		{6608CCFE-6D0F-4902-9B22-73BD382FA49C}.Debug|x86.Build.0 = Debug|x86
		{6608CCFE-6D0F-4902-9B22-73BD382FA49C}.Release|Any CPU.ActiveCfg = Release|x86
		{6608CCFE-6D0F-4902-9B22-73BD382FA49C}.Release|Any CPU.Build.0 = Release|x86
		{6608CCFE-6D0F-4902-9B22-73BD382FA49C}.Release|x64.ActiveCfg = Release|x86
		{6608CCFE-6D0F-4902-9B22-73BD382FA49C}.Release|x64.Build.0 = Release|x86
		{6608CCFE-6D0F-4902-9B22-73BD382FA49C}.Release|x86.ActiveCfg = Release|x86
		{6608CCFE-6D0F-4902-9B22-73BD382FA49C}.Release|x86.Build.0 = Release|x86
		{2C9A1ADC-F417-4C66-88C4-87A56151EBAA}.Debug|Any CPU.ActiveCfg = Debug|x64
		{2C9A1ADC-F417-4C66-88C4-87A56151EBAA}.Debug|Any CPU.Build.0 = Debug|x64
		{2C9A1ADC-F417-4C66-88C4-87A56151EBAA}.Debug|x64.ActiveCfg = Debug|x64
		{2C9A1ADC-F417-4C66-88C4-87A56151EBAA}.Debug|x64.Build.0 = Debug|x64
		{2C9A1ADC-F417-4C66-88C4-87A56151EBAA}.Debug|x86.ActiveCfg = Debug|Win32
		{2C9A1ADC-F417-4C66-88C4-87A56151EBAA}.Debug|x86.Build.0 = Debug|Win32
		{2C9A1ADC-F417-4C66-88C4-87A56151EBAA}.Release|Any CPU.ActiveCfg = Release|x64
		{2C9A1ADC-F417-4C66-88C4-87A56151EBAA}.Release|Any CPU.Build.0 = Release|x64
		{2C9A1ADC-F417-4C66-88C4-87A56151EBAA}.Release|x64.ActiveCfg = Release|x64
		{2C9A1ADC-F417-4C66-88C4-87A56151EBAA}.Release|x64.Build.0 = Release|x64
		{2C9A1ADC-F417-4C66-88C4-87A56151EBAA}.Release|x86.ActiveCfg = Release|Win32
		{2C9A1ADC-F417-4C66-88C4-87A56151EBAA}.Release|x86.Build.0 = Release|Win32
		{0709B491-F85E-470A-9125-A0AC5D47B1AD}.Debug|Any CPU.ActiveCfg = Debug|x64
		{0709B491-F85E-470A-9125-A0AC5D47B1AD}.Debug|Any CPU.Build.0 = Debug|x64
		{0709B491-F85E-470A-9125-A0AC5D47B1AD}.Debug|x64.ActiveCfg = Debug|x64
		{0709B491-F85E-470A-9125-A0AC5D47B1AD}.Debug|x64.Build.0 = Debug|x64
		{0709B491-F85E-470A-9125-A0AC5D47B1AD}.Debug|x86.ActiveCfg = Debug|Win32
		{0709B491-F85E-470A-9125-A0AC5D47B1AD}.Debug|x86.Build.0 = Debug|Win32
		{0709B491-F85E-470A-9125-A0AC5D47B1AD}.Release|Any CPU.ActiveCfg = Release|x64
		{0709B491-F85E-470A-9125-A0AC5D47B1AD}.Release|Any CPU.Build.0 = Release|x64
		{0709B491-F85E-470A-9125-A0AC5D47B1AD}.Release|x64.ActiveCfg = Release|x64
		{0709B491-F85E-470A-9125-A0AC5D47B1AD}.Release|x64.Build.0 = Release|x64
		{0709B491-F85E-470A-9125-A0AC5D47B1AD}.Release|x86.ActiveCfg = Release|Win32
		{0709B491-F85E-470A-9125-A0AC5D47B1AD}.Release|x86.Build.0 = Release|Win32
		{DCB74E6F-7EB8-42DA-8C28-1DD904E92E59}.Debug|Any CPU.ActiveCfg = Debug|x64
		{DCB74E6F-7EB8-42DA-8C28-1DD904E92E59}.Debug|Any CPU.Build.0 = Debug|x64
		{DCB74E6F-7EB8-42DA-8C28-1DD904E92E59}.Debug|x64.ActiveCfg = Debug|x64
		{DCB74E6F-7EB8-42DA-8C28-1DD904E92E59}.Debug|x64.Build.0 = Debug|x64
		{DCB74E6F-7EB8-42DA-8C28-1DD904E92E59}.Debug|x86.ActiveCfg = Debug|Win32
		{DCB74E6F-7EB8-42DA-8C28-1DD904E92E59}.Debug|x86.Build.0 = Debug|Win32
		{DCB74E6F-7EB8-42DA-8C28-1DD904E92E59}.Release|Any CPU.ActiveCfg = Release|x64
		{DCB74E6F-7EB8-42DA-8C28-1DD904E92E59}.Release|Any CPU.Build.0 = Release|x64
		{DCB74E6F-7EB8-42DA-8C28-1DD904E92E59}.Release|x64.ActiveCfg = Release|x64
		{DCB74E6F-7EB8-42DA-8C28-1DD904E92E59}.Release|x64.Build.0 = Release|x64
		{DCB74E6F-7EB8-42DA-8C28-1DD904E92E59}.Release|x86.ActiveCfg = Release|Win32
		{DCB74E6F-7EB8-42DA-8C28-1DD904E92E59}.Release|x86.Build.0 = Release|Win32
	EndGlobalSection
	GlobalSection(SolutionProperties) = preSolution
		HideSolutionNode = FALSE
	EndGlobalSection
	GlobalSection(ExtensibilityGlobals) = postSolution
		SolutionGuid = {2EFB1EBC-CC4F-47FD-869C-F099CC685A98}
	EndGlobalSection
EndGlobal
