<?xml version="1.0" encoding="utf-8"?>
<Project ToolsVersion="4.0" xmlns="http://schemas.microsoft.com/developer/msbuild/2003">
  <ItemGroup>
    <Filter Include="ソース ファイル">
      <UniqueIdentifier>{4FC737F1-C7A5-4376-A066-2A32D752A2FF}</UniqueIdentifier>
      <Extensions>cpp;c;cc;cxx;c++;def;odl;idl;hpj;bat;asm;asmx</Extensions>
    </Filter>
    <Filter Include="ヘッダー ファイル">
      <UniqueIdentifier>{93995380-89BD-4b04-88EB-625FBE52EBFB}</UniqueIdentifier>
      <Extensions>h;hh;hpp;hxx;h++;hm;inl;inc;ipp;xsd</Extensions>
    </Filter>
    <Filter Include="リソース ファイル">
      <UniqueIdentifier>{67DA6AB6-F800-4c08-8B7A-83BB121AAD01}</UniqueIdentifier>
      <Extensions>rc;ico;cur;bmp;dlg;rc2;rct;bin;rgs;gif;jpg;jpeg;jpe;resx;tiff;tif;png;wav;mfcribbon-ms</Extensions>
    </Filter>
    <Filter Include="ソース ファイル\Registry">
      <UniqueIdentifier>{5ea7e657-2197-49d5-b688-1b88593c4f2c}</UniqueIdentifier>
    </Filter>
    <Filter Include="ソース ファイル\StringCommons">
      <UniqueIdentifier>{9f8706f2-6b44-4e4a-bc31-cc4118b8a031}</UniqueIdentifier>
    </Filter>
    <Filter Include="ソース ファイル\StringBuffer">
      <UniqueIdentifier>{f477e1f9-71e7-4c51-898d-358ca7b3d210}</UniqueIdentifier>
    </Filter>
    <Filter Include="ソース ファイル\StringCaseInsensitive">
      <UniqueIdentifier>{f6fdeffe-879c-435e-a9ea-9827dbefaa52}</UniqueIdentifier>
    </Filter>
    <Filter Include="ソース ファイル\Zip">
      <UniqueIdentifier>{80840a10-6887-449b-9213-189741091004}</UniqueIdentifier>
    </Filter>
    <Filter Include="ソース ファイル\Binary">
      <UniqueIdentifier>{0b6c2cea-ddab-402f-a77d-d0e26d187530}</UniqueIdentifier>
    </Filter>
    <Filter Include="ソース ファイル\Cryptography">
      <UniqueIdentifier>{549fdc40-1b86-4bc1-8931-23059e47250b}</UniqueIdentifier>
    </Filter>
    <Filter Include="ソース ファイル\Windows">
      <UniqueIdentifier>{cff3dc25-a9c3-46bd-9024-b7ded84fb774}</UniqueIdentifier>
    </Filter>
    <Filter Include="ソース ファイル\Unicode">
      <UniqueIdentifier>{2b4f548f-886b-4b29-944a-f5e05112b412}</UniqueIdentifier>
    </Filter>
    <Filter Include="ソース ファイル\String">
      <UniqueIdentifier>{1634c06b-6b0d-4622-abe5-04ed36cbde8f}</UniqueIdentifier>
    </Filter>
    <Filter Include="ソース ファイル\Time">
      <UniqueIdentifier>{47b3f46b-cf18-4522-8a93-96135ca0322d}</UniqueIdentifier>
    </Filter>
    <Filter Include="ソース ファイル\Runtime">
      <UniqueIdentifier>{f68aded6-f2bd-41be-a947-bffd3808f827}</UniqueIdentifier>
    </Filter>
    <Filter Include="ソース ファイル\StringHelpers">
      <UniqueIdentifier>{60ebe9df-1005-4e00-8b96-07ac5723a4ad}</UniqueIdentifier>
    </Filter>
    <Filter Include="ソース ファイル\Networking">
      <UniqueIdentifier>{6773d9b6-e0e2-4689-9b7a-88fd79692ed3}</UniqueIdentifier>
    </Filter>
  </ItemGroup>
  <ItemGroup>
    <ClInclude Include="src\framework.h">
      <Filter>ヘッダー ファイル</Filter>
    </ClInclude>
    <ClInclude Include="src\pch.h">
      <Filter>ヘッダー ファイル</Filter>
    </ClInclude>
    <ClInclude Include="inc\hnrt\SpinLock.h">
      <Filter>ヘッダー ファイル</Filter>
    </ClInclude>
    <ClInclude Include="inc\hnrt\StringBuffer.h">
      <Filter>ヘッダー ファイル</Filter>
    </ClInclude>
    <ClInclude Include="inc\hnrt\RefPtr.h">
      <Filter>ヘッダー ファイル</Filter>
    </ClInclude>
    <ClInclude Include="inc\hnrt\ByteString.h">
      <Filter>ヘッダー ファイル</Filter>
    </ClInclude>
    <ClInclude Include="inc\hnrt\Args.h">
      <Filter>ヘッダー ファイル</Filter>
    </ClInclude>
    <ClInclude Include="inc\hnrt\ErrorMessage.h">
      <Filter>ヘッダー ファイル</Filter>
    </ClInclude>
    <ClInclude Include="inc\hnrt\NumberText.h">
      <Filter>ヘッダー ファイル</Filter>
    </ClInclude>
    <ClInclude Include="src\NumberTextInternal.h">
      <Filter>ヘッダー ファイル</Filter>
    </ClInclude>
    <ClInclude Include="inc\hnrt\Path.h">
      <Filter>ヘッダー ファイル</Filter>
    </ClInclude>
    <ClInclude Include="inc\hnrt\Buffer.h">
      <Filter>ヘッダー ファイル</Filter>
    </ClInclude>
    <ClInclude Include="inc\hnrt\CommandTemplate.h">
      <Filter>ヘッダー ファイル</Filter>
    </ClInclude>
    <ClInclude Include="inc\hnrt\Exception.h">
      <Filter>ヘッダー ファイル</Filter>
    </ClInclude>
    <ClInclude Include="inc\hnrt\FileWriter.h">
      <Filter>ヘッダー ファイル</Filter>
    </ClInclude>
    <ClInclude Include="inc\hnrt\ResourceReader.h">
      <Filter>ヘッダー ファイル</Filter>
    </ClInclude>
    <ClInclude Include="inc\hnrt\Win32Exception.h">
      <Filter>ヘッダー ファイル</Filter>
    </ClInclude>
    <ClInclude Include="inc\hnrt\ZipFile.h">
      <Filter>ヘッダー ファイル</Filter>
    </ClInclude>
    <ClInclude Include="inc\hnrt\ComException.h">
      <Filter>ヘッダー ファイル</Filter>
    </ClInclude>
    <ClInclude Include="inc\hnrt\AdapterAddressCollection.h">
      <Filter>ヘッダー ファイル</Filter>
    </ClInclude>
    <ClInclude Include="inc\hnrt\FileMapper.h">
      <Filter>ヘッダー ファイル</Filter>
    </ClInclude>
    <ClInclude Include="inc\hnrt\Service.h">
      <Filter>ヘッダー ファイル</Filter>
    </ClInclude>
    <ClInclude Include="inc\hnrt\Debug.h">
      <Filter>ヘッダー ファイル</Filter>
    </ClInclude>
    <ClInclude Include="inc\hnrt\KeyValueMap.h">
      <Filter>ヘッダー ファイル</Filter>
    </ClInclude>
    <ClInclude Include="inc\hnrt\KeystrokeMessageFlags.h">
      <Filter>ヘッダー ファイル</Filter>
    </ClInclude>
    <ClInclude Include="inc\hnrt\VirtualKey.h">
      <Filter>ヘッダー ファイル</Filter>
    </ClInclude>
    <ClInclude Include="inc\hnrt\WindowsMessage.h">
      <Filter>ヘッダー ファイル</Filter>
    </ClInclude>
    <ClInclude Include="inc\hnrt\ResourceString.h">
      <Filter>ヘッダー ファイル</Filter>
    </ClInclude>
    <ClInclude Include="inc\hnrt\Unicode.h">
      <Filter>ヘッダー ファイル</Filter>
    </ClInclude>
    <ClInclude Include="inc\hnrt\Secret.h">
      <Filter>ヘッダー ファイル</Filter>
    </ClInclude>
    <ClInclude Include="src\SecretInternal.h">
      <Filter>ヘッダー ファイル</Filter>
    </ClInclude>
    <ClInclude Include="inc\hnrt\Base64.h">
      <Filter>ヘッダー ファイル</Filter>
    </ClInclude>
    <ClInclude Include="inc\hnrt\PasswordHolder.h">
      <Filter>ヘッダー ファイル</Filter>
    </ClInclude>
    <ClInclude Include="inc\hnrt\Heap.h">
      <Filter>ヘッダー ファイル</Filter>
    </ClInclude>
    <ClInclude Include="inc\hnrt\CoreLibrary.h">
      <Filter>ヘッダー ファイル</Filter>
    </ClInclude>
    <ClInclude Include="inc\hnrt\ComLibrary.h">
      <Filter>ヘッダー ファイル</Filter>
    </ClInclude>
    <ClInclude Include="inc\hnrt\RefObj.h">
      <Filter>ヘッダー ファイル</Filter>
    </ClInclude>
    <ClInclude Include="inc\hnrt\VersionInfo.h">
      <Filter>ヘッダー ファイル</Filter>
    </ClInclude>
    <ClInclude Include="src\VersionInfoInternal.h">
      <Filter>ヘッダー ファイル</Filter>
    </ClInclude>
    <ClInclude Include="inc\hnrt\WhileInScope.h">
      <Filter>ヘッダー ファイル</Filter>
    </ClInclude>
    <ClInclude Include="inc\hnrt\SidPtr.h">
      <Filter>ヘッダー ファイル</Filter>
    </ClInclude>
    <ClInclude Include="inc\hnrt\WindowsHandle.h">
      <Filter>ヘッダー ファイル</Filter>
    </ClInclude>
    <ClInclude Include="inc\hnrt\Impersonator.h">
      <Filter>ヘッダー ファイル</Filter>
    </ClInclude>
    <ClInclude Include="inc\hnrt\WindowsPlatform.h">
      <Filter>ヘッダー ファイル</Filter>
    </ClInclude>
    <ClInclude Include="inc\hnrt\SharedMemory.h">
      <Filter>ヘッダー ファイル</Filter>
    </ClInclude>
    <ClInclude Include="inc\hnrt\KeyboardBitMap.h">
      <Filter>ヘッダー ファイル</Filter>
    </ClInclude>
    <ClInclude Include="inc\hnrt\Guid.h">
      <Filter>ヘッダー ファイル</Filter>
    </ClInclude>
    <ClInclude Include="inc\hnrt\DoubleNullTerminatedStringArray.h">
      <Filter>ヘッダー ファイル</Filter>
    </ClInclude>
    <ClInclude Include="inc\hnrt\StringCollection.h">
      <Filter>ヘッダー ファイル</Filter>
    </ClInclude>
    <ClInclude Include="inc\hnrt\String.h">
      <Filter>ヘッダー ファイル</Filter>
    </ClInclude>
    <ClInclude Include="inc\hnrt\WindowHelper.h">
      <Filter>ヘッダー ファイル</Filter>
    </ClInclude>
    <ClInclude Include="inc\hnrt\SyntheticInput.h">
      <Filter>ヘッダー ファイル</Filter>
    </ClInclude>
    <ClInclude Include="inc\hnrt\UiAutomation.h">
      <Filter>ヘッダー ファイル</Filter>
    </ClInclude>
    <ClInclude Include="src\UiAutomationInternal.h">
      <Filter>ヘッダー ファイル</Filter>
    </ClInclude>
    <ClInclude Include="inc\hnrt\UiAutomationFactory.h">
      <Filter>ヘッダー ファイル</Filter>
    </ClInclude>
    <ClInclude Include="inc\hnrt\SecretFactory.h">
      <Filter>ヘッダー ファイル</Filter>
    </ClInclude>
    <ClInclude Include="inc\hnrt\BCryptAlgHandle.h">
      <Filter>ヘッダー ファイル</Filter>
    </ClInclude>
    <ClInclude Include="inc\hnrt\BCryptKeyHandle.h">
      <Filter>ヘッダー ファイル</Filter>
    </ClInclude>
    <ClInclude Include="inc\hnrt\BCryptHashHandle.h">
      <Filter>ヘッダー ファイル</Filter>
    </ClInclude>
    <ClInclude Include="inc\hnrt\DataFeeder.h">
      <Filter>ヘッダー ファイル</Filter>
    </ClInclude>
    <ClInclude Include="inc\hnrt\FileDataFeeder.h">
      <Filter>ヘッダー ファイル</Filter>
    </ClInclude>
    <ClInclude Include="inc\hnrt\ByteDataFeeder.h">
      <Filter>ヘッダー ファイル</Filter>
    </ClInclude>
    <ClInclude Include="inc\hnrt\Hash.h">
      <Filter>ヘッダー ファイル</Filter>
    </ClInclude>
    <ClInclude Include="inc\hnrt\RegistryKey.h">
      <Filter>ヘッダー ファイル</Filter>
    </ClInclude>
    <ClInclude Include="inc\hnrt\Interlocked.h">
      <Filter>ヘッダー ファイル</Filter>
    </ClInclude>
    <ClInclude Include="inc\hnrt\RegistryValue.h">
      <Filter>ヘッダー ファイル</Filter>
    </ClInclude>
    <ClInclude Include="inc\hnrt\CommandLine.h">
      <Filter>ヘッダー ファイル</Filter>
    </ClInclude>
    <ClInclude Include="inc\hnrt\Array.h">
      <Filter>ヘッダー ファイル</Filter>
    </ClInclude>
    <ClInclude Include="inc\hnrt\Time.h">
      <Filter>ヘッダー ファイル</Filter>
    </ClInclude>
    <ClInclude Include="inc\hnrt\StringUtils.h">
      <Filter>ヘッダー ファイル</Filter>
    </ClInclude>
    <ClInclude Include="inc\hnrt\UnicodeEscape.h">
      <Filter>ヘッダー ファイル</Filter>
    </ClInclude>
    <ClInclude Include="inc\hnrt\StringOptions.h">
      <Filter>ヘッダー ファイル</Filter>
    </ClInclude>
    <ClInclude Include="inc\hnrt\StringCaseInsensitive.h">
      <Filter>ヘッダー ファイル</Filter>
    </ClInclude>
    <ClInclude Include="inc\hnrt\DirectoryEntry.h">
      <Filter>ヘッダー ファイル</Filter>
    </ClInclude>
    <ClInclude Include="inc\hnrt\CryptographyException.h">
      <Filter>ヘッダー ファイル</Filter>
    </ClInclude>
    <ClInclude Include="inc\hnrt\NoDataFeeder.h">
      <Filter>ヘッダー ファイル</Filter>
    </ClInclude>
    <ClInclude Include="inc\hnrt\BCryptHandle.h">
      <Filter>ヘッダー ファイル</Filter>
    </ClInclude>
    <ClInclude Include="inc\hnrt\RefBin.h">
      <Filter>ヘッダー ファイル</Filter>
    </ClInclude>
    <ClInclude Include="inc\hnrt\BCryptAuthenticatedCipherModeInfo.h">
      <Filter>ヘッダー ファイル</Filter>
    </ClInclude>
    <ClInclude Include="inc\hnrt\StringCommons.h">
      <Filter>ヘッダー ファイル</Filter>
    </ClInclude>
    <ClInclude Include="inc\hnrt\RefString.h">
      <Filter>ヘッダー ファイル</Filter>
    </ClInclude>
    <ClInclude Include="inc\hnrt\CodePage.h">
      <Filter>ヘッダー ファイル</Filter>
    </ClInclude>
    <ClInclude Include="inc\hnrt\LineBreak.h">
      <Filter>ヘッダー ファイル</Filter>
    </ClInclude>
    <ClInclude Include="inc\hnrt\HexFormatException.h">
      <Filter>ヘッダー ファイル</Filter>
    </ClInclude>
    <ClInclude Include="inc\hnrt\CharacterMappingException.h">
      <Filter>ヘッダー ファイル</Filter>
    </ClInclude>
    <ClInclude Include="inc\hnrt\Base64FormatException.h">
      <Filter>ヘッダー ファイル</Filter>
    </ClInclude>
    <ClInclude Include="inc\hnrt\FormatException.h">
      <Filter>ヘッダー ファイル</Filter>
    </ClInclude>
    <ClInclude Include="inc\hnrt\MultibyteString.h">
      <Filter>ヘッダー ファイル</Filter>
    </ClInclude>
    <ClInclude Include="src\String_internal.h">
      <Filter>ヘッダー ファイル</Filter>
    </ClInclude>
    <ClInclude Include="inc\hnrt\RefStr.h">
      <Filter>ヘッダー ファイル</Filter>
    </ClInclude>
    <ClInclude Include="inc\hnrt\RefMbs.h">
      <Filter>ヘッダー ファイル</Filter>
    </ClInclude>
    <ClInclude Include="inc\hnrt\StringLessThan.h">
      <Filter>ヘッダー ファイル</Filter>
    </ClInclude>
    <ClInclude Include="inc\hnrt\StringCaseLessThan.h">
      <Filter>ヘッダー ファイル</Filter>
    </ClInclude>
    <ClInclude Include="inc\hnrt\Variant.h">
      <Filter>ヘッダー ファイル</Filter>
    </ClInclude>
    <ClInclude Include="inc\hnrt\ShellDispatchPtr.h">
      <Filter>ヘッダー ファイル</Filter>
    </ClInclude>
    <ClInclude Include="inc\hnrt\FolderPtr.h">
      <Filter>ヘッダー ファイル</Filter>
    </ClInclude>
    <ClInclude Include="inc\hnrt\FolderItemsPtr.h">
      <Filter>ヘッダー ファイル</Filter>
    </ClInclude>
    <ClInclude Include="inc\hnrt\FolderItemPtr.h">
      <Filter>ヘッダー ファイル</Filter>
    </ClInclude>
    <ClInclude Include="inc\hnrt\SemanticVersion.h">
      <Filter>ヘッダー ファイル</Filter>
    </ClInclude>
    <ClInclude Include="inc\hnrt\Environment.h">
      <Filter>ヘッダー ファイル</Filter>
    </ClInclude>
  </ItemGroup>
  <ItemGroup>
    <ClCompile Include="src\pch.cpp">
      <Filter>ソース ファイル</Filter>
    </ClCompile>
    <ClCompile Include="src\String_Append.cpp">
      <Filter>ソース ファイル\String</Filter>
    </ClCompile>
    <ClCompile Include="src\String_AppendFormat.cpp">
      <Filter>ソース ファイル\String</Filter>
    </ClCompile>
    <ClCompile Include="src\String_Assign.cpp">
      <Filter>ソース ファイル\String</Filter>
    </ClCompile>
    <ClCompile Include="src\String_ChangeLineBreak.cpp">
      <Filter>ソース ファイル\String</Filter>
    </ClCompile>
    <ClCompile Include="src\String_Compare.cpp">
      <Filter>ソース ファイル\String</Filter>
    </ClCompile>
    <ClCompile Include="src\String_ctor.cpp">
      <Filter>ソース ファイル\String</Filter>
    </ClCompile>
    <ClCompile Include="src\String_dtor.cpp">
      <Filter>ソース ファイル\String</Filter>
    </ClCompile>
    <ClCompile Include="src\String_EndsWith.cpp">
      <Filter>ソース ファイル\String</Filter>
    </ClCompile>
    <ClCompile Include="src\String_Format.cpp">
      <Filter>ソース ファイル\String</Filter>
    </ClCompile>
    <ClCompile Include="src\String_IndexOf.cpp">
      <Filter>ソース ファイル\String</Filter>
    </ClCompile>
    <ClCompile Include="src\String_Lettercase.cpp">
      <Filter>ソース ファイル\String</Filter>
    </ClCompile>
    <ClCompile Include="src\String_operators.cpp">
      <Filter>ソース ファイル\String</Filter>
    </ClCompile>
    <ClCompile Include="src\String_Replace.cpp">
      <Filter>ソース ファイル\String</Filter>
    </ClCompile>
    <ClCompile Include="src\String_StartsWith.cpp">
      <Filter>ソース ファイル\String</Filter>
    </ClCompile>
    <ClCompile Include="src\String_ToDouble.cpp">
      <Filter>ソース ファイル\String</Filter>
    </ClCompile>
    <ClCompile Include="src\String_ToLong.cpp">
      <Filter>ソース ファイル\String</Filter>
    </ClCompile>
    <ClCompile Include="src\String_ToLongLong.cpp">
      <Filter>ソース ファイル\String</Filter>
    </ClCompile>
    <ClCompile Include="src\String_ToUnsignedLong.cpp">
      <Filter>ソース ファイル\String</Filter>
    </ClCompile>
    <ClCompile Include="src\String_ToUnsignedLongLong.cpp">
      <Filter>ソース ファイル\String</Filter>
    </ClCompile>
    <ClCompile Include="src\String_Trim.cpp">
      <Filter>ソース ファイル\String</Filter>
    </ClCompile>
    <ClCompile Include="src\String_TruncateHead.cpp">
      <Filter>ソース ファイル\String</Filter>
    </ClCompile>
    <ClCompile Include="src\String_TruncateTail.cpp">
      <Filter>ソース ファイル\String</Filter>
    </ClCompile>
    <ClCompile Include="src\String_VaAppendFormat.cpp">
      <Filter>ソース ファイル\String</Filter>
    </ClCompile>
    <ClCompile Include="src\String_VaFormat.cpp">
      <Filter>ソース ファイル\String</Filter>
    </ClCompile>
    <ClCompile Include="src\String_Wrap.cpp">
      <Filter>ソース ファイル\String</Filter>
    </ClCompile>
    <ClCompile Include="src\String_ZeroFill.cpp">
      <Filter>ソース ファイル\String</Filter>
    </ClCompile>
    <ClCompile Include="src\RegistryKey.cpp">
      <Filter>ソース ファイル\Registry</Filter>
    </ClCompile>
    <ClCompile Include="src\RegistryValue_Clear.cpp">
      <Filter>ソース ファイル\Registry</Filter>
    </ClCompile>
    <ClCompile Include="src\RegistryValue_ctor.cpp">
      <Filter>ソース ファイル\Registry</Filter>
    </ClCompile>
    <ClCompile Include="src\RegistryValue_dtor.cpp">
      <Filter>ソース ファイル\Registry</Filter>
    </ClCompile>
    <ClCompile Include="src\RegistryValue_Expand.cpp">
      <Filter>ソース ファイル\Registry</Filter>
    </ClCompile>
    <ClCompile Include="src\RegistryValue_operator_const_void_ptr.cpp">
      <Filter>ソース ファイル\Registry</Filter>
    </ClCompile>
    <ClCompile Include="src\RegistryValue_operator_DWORD.cpp">
      <Filter>ソース ファイル\Registry</Filter>
    </ClCompile>
    <ClCompile Include="src\RegistryValue_operator_PCWSTR.cpp">
      <Filter>ソース ファイル\Registry</Filter>
    </ClCompile>
    <ClCompile Include="src\RegistryValue_operator_selector.cpp">
      <Filter>ソース ファイル\Registry</Filter>
    </ClCompile>
    <ClCompile Include="src\RegistryValue_operator_ULONGLONG.cpp">
      <Filter>ソース ファイル\Registry</Filter>
    </ClCompile>
    <ClCompile Include="src\RegistryValue_Query.cpp">
      <Filter>ソース ファイル\Registry</Filter>
    </ClCompile>
    <ClCompile Include="src\RegistryValue_static.cpp">
      <Filter>ソース ファイル\Registry</Filter>
    </ClCompile>
    <ClCompile Include="src\StrCase.cpp">
      <Filter>ソース ファイル\StringCommons</Filter>
    </ClCompile>
    <ClCompile Include="src\StrCaseCmp.cpp">
      <Filter>ソース ファイル\StringCommons</Filter>
    </ClCompile>
    <ClCompile Include="src\StrCmp.cpp">
      <Filter>ソース ファイル\StringCommons</Filter>
    </ClCompile>
    <ClCompile Include="src\StrCpy.cpp">
      <Filter>ソース ファイル\StringCommons</Filter>
    </ClCompile>
    <ClCompile Include="src\StrFmt.cpp">
      <Filter>ソース ファイル\StringCommons</Filter>
    </ClCompile>
    <ClCompile Include="src\StrFmtLen.cpp">
      <Filter>ソース ファイル\StringCommons</Filter>
    </ClCompile>
    <ClCompile Include="src\CountCharacter.cpp">
      <Filter>ソース ファイル\StringCommons</Filter>
    </ClCompile>
    <ClCompile Include="src\CountStrings.cpp">
      <Filter>ソース ファイル\StringCommons</Filter>
    </ClCompile>
    <ClCompile Include="src\IndexOf.cpp">
      <Filter>ソース ファイル\StringCommons</Filter>
    </ClCompile>
    <ClCompile Include="src\StringBuffer_Append.cpp">
      <Filter>ソース ファイル\StringBuffer</Filter>
    </ClCompile>
    <ClCompile Include="src\StringBuffer_AppendFormat.cpp">
      <Filter>ソース ファイル\StringBuffer</Filter>
    </ClCompile>
    <ClCompile Include="src\StringBuffer_Assign.cpp">
      <Filter>ソース ファイル\StringBuffer</Filter>
    </ClCompile>
    <ClCompile Include="src\StringBuffer_CheckCapacity.cpp">
      <Filter>ソース ファイル\StringBuffer</Filter>
    </ClCompile>
    <ClCompile Include="src\StringBuffer_ctor.cpp">
      <Filter>ソース ファイル\StringBuffer</Filter>
    </ClCompile>
    <ClCompile Include="src\StringBuffer_Detach.cpp">
      <Filter>ソース ファイル\StringBuffer</Filter>
    </ClCompile>
    <ClCompile Include="src\StringBuffer_dtor.cpp">
      <Filter>ソース ファイル\StringBuffer</Filter>
    </ClCompile>
    <ClCompile Include="src\StringBuffer_Format.cpp">
      <Filter>ソース ファイル\StringBuffer</Filter>
    </ClCompile>
    <ClCompile Include="src\StringBuffer_property.cpp">
      <Filter>ソース ファイル\StringBuffer</Filter>
    </ClCompile>
    <ClCompile Include="src\StringBuffer_Replace.cpp">
      <Filter>ソース ファイル\StringBuffer</Filter>
    </ClCompile>
    <ClCompile Include="src\StringBuffer_Resize.cpp">
      <Filter>ソース ファイル\StringBuffer</Filter>
    </ClCompile>
    <ClCompile Include="src\StringBuffer_VaAppendFormat.cpp">
      <Filter>ソース ファイル\StringBuffer</Filter>
    </ClCompile>
    <ClCompile Include="src\StringBuffer_VaFormat.cpp">
      <Filter>ソース ファイル\StringBuffer</Filter>
    </ClCompile>
    <ClCompile Include="src\StrLen.cpp">
      <Filter>ソース ファイル\StringCommons</Filter>
    </ClCompile>
    <ClCompile Include="src\StrLwr.cpp">
      <Filter>ソース ファイル\StringCommons</Filter>
    </ClCompile>
    <ClCompile Include="src\StrToDouble.cpp">
      <Filter>ソース ファイル\StringCommons</Filter>
    </ClCompile>
    <ClCompile Include="src\StrToLong.cpp">
      <Filter>ソース ファイル\StringCommons</Filter>
    </ClCompile>
    <ClCompile Include="src\StrToLongLong.cpp">
      <Filter>ソース ファイル\StringCommons</Filter>
    </ClCompile>
    <ClCompile Include="src\StrToUnsignedLong.cpp">
      <Filter>ソース ファイル\StringCommons</Filter>
    </ClCompile>
    <ClCompile Include="src\StrToUnsignedLongLong.cpp">
      <Filter>ソース ファイル\StringCommons</Filter>
    </ClCompile>
    <ClCompile Include="src\StrTrim.cpp">
      <Filter>ソース ファイル\StringCommons</Filter>
    </ClCompile>
    <ClCompile Include="src\StrUpr.cpp">
      <Filter>ソース ファイル\StringCommons</Filter>
    </ClCompile>
    <ClCompile Include="src\StringCaseInsensitive_ctor.cpp">
      <Filter>ソース ファイル\StringCaseInsensitive</Filter>
    </ClCompile>
    <ClCompile Include="src\StringCaseInsensitive_dtor.cpp">
      <Filter>ソース ファイル\StringCaseInsensitive</Filter>
    </ClCompile>
    <ClCompile Include="src\StringCaseInsensitive_operator.cpp">
      <Filter>ソース ファイル\StringCaseInsensitive</Filter>
    </ClCompile>
    <ClCompile Include="src\StringCaseInsensitive_static.cpp">
      <Filter>ソース ファイル\StringCaseInsensitive</Filter>
    </ClCompile>
    <ClCompile Include="src\MemCpy.cpp">
      <Filter>ソース ファイル\StringCommons</Filter>
    </ClCompile>
    <ClCompile Include="src\MemMove.cpp">
      <Filter>ソース ファイル\StringCommons</Filter>
    </ClCompile>
    <ClCompile Include="src\MemSet.cpp">
      <Filter>ソース ファイル\StringCommons</Filter>
    </ClCompile>
    <ClCompile Include="src\BCryptAlgHandle.cpp">
      <Filter>ソース ファイル\Cryptography</Filter>
    </ClCompile>
    <ClCompile Include="src\BCryptAuthenticatedCipherModeInfo.cpp">
      <Filter>ソース ファイル\Cryptography</Filter>
    </ClCompile>
    <ClCompile Include="src\BCryptHandle.cpp">
      <Filter>ソース ファイル\Cryptography</Filter>
    </ClCompile>
    <ClCompile Include="src\BCryptHashHandle.cpp">
      <Filter>ソース ファイル\Cryptography</Filter>
    </ClCompile>
    <ClCompile Include="src\BCryptKeyHandle.cpp">
      <Filter>ソース ファイル\Cryptography</Filter>
    </ClCompile>
    <ClCompile Include="src\Base64.cpp">
      <Filter>ソース ファイル\Binary</Filter>
    </ClCompile>
    <ClCompile Include="src\Base64FormatException.cpp">
      <Filter>ソース ファイル\Binary</Filter>
    </ClCompile>
    <ClCompile Include="src\ByteString.cpp">
      <Filter>ソース ファイル\Binary</Filter>
    </ClCompile>
    <ClCompile Include="src\RefBin.cpp">
      <Filter>ソース ファイル\Binary</Filter>
    </ClCompile>
    <ClCompile Include="src\IsDigit.cpp">
      <Filter>ソース ファイル\StringCommons</Filter>
    </ClCompile>
    <ClCompile Include="src\IsWhitespace.cpp">
      <Filter>ソース ファイル\StringCommons</Filter>
    </ClCompile>
    <ClCompile Include="src\LastIndexOf.cpp">
      <Filter>ソース ファイル\StringCommons</Filter>
    </ClCompile>
    <ClCompile Include="src\CryptographyException.cpp">
      <Filter>ソース ファイル\Cryptography</Filter>
    </ClCompile>
    <ClCompile Include="src\VaStrCat.cpp">
      <Filter>ソース ファイル\StringCommons</Filter>
    </ClCompile>
    <ClCompile Include="src\VaStrFmt.cpp">
      <Filter>ソース ファイル\StringCommons</Filter>
    </ClCompile>
    <ClCompile Include="src\VaStrFmtLen.cpp">
      <Filter>ソース ファイル\StringCommons</Filter>
    </ClCompile>
    <ClCompile Include="src\WindowsHandle.cpp">
      <Filter>ソース ファイル\Windows</Filter>
    </ClCompile>
    <ClCompile Include="src\WindowsMessage.cpp">
      <Filter>ソース ファイル\Windows</Filter>
    </ClCompile>
    <ClCompile Include="src\WindowsPlatform.cpp">
      <Filter>ソース ファイル\Windows</Filter>
    </ClCompile>
    <ClCompile Include="src\Variant_dtor.cpp">
      <Filter>ソース ファイル\Windows</Filter>
    </ClCompile>
    <ClCompile Include="src\Variant_ctor.cpp">
      <Filter>ソース ファイル\Windows</Filter>
    </ClCompile>
    <ClCompile Include="src\Variant_Assign.cpp">
      <Filter>ソース ファイル\Windows</Filter>
    </ClCompile>
    <ClCompile Include="src\VersionInfoInternal.cpp">
      <Filter>ソース ファイル\Windows</Filter>
    </ClCompile>
    <ClCompile Include="src\VirtualKey.cpp">
      <Filter>ソース ファイル\Windows</Filter>
    </ClCompile>
    <ClCompile Include="src\Win32Exception.cpp">
      <Filter>ソース ファイル\Windows</Filter>
    </ClCompile>
    <ClCompile Include="src\WindowHelper.cpp">
      <Filter>ソース ファイル\Windows</Filter>
    </ClCompile>
    <ClCompile Include="src\ComException.cpp">
      <Filter>ソース ファイル\Windows</Filter>
    </ClCompile>
    <ClCompile Include="src\ComLibrary.cpp">
      <Filter>ソース ファイル\Windows</Filter>
    </ClCompile>
    <ClCompile Include="src\FileMapper.cpp">
      <Filter>ソース ファイル\Windows</Filter>
    </ClCompile>
    <ClCompile Include="src\FileWriter.cpp">
      <Filter>ソース ファイル\Windows</Filter>
    </ClCompile>
    <ClCompile Include="src\Guid.cpp">
      <Filter>ソース ファイル\Windows</Filter>
    </ClCompile>
    <ClCompile Include="src\Hash.cpp">
      <Filter>ソース ファイル\Cryptography</Filter>
    </ClCompile>
    <ClCompile Include="src\SidPtr.cpp">
      <Filter>ソース ファイル\Windows</Filter>
    </ClCompile>
    <ClCompile Include="src\Service.cpp">
      <Filter>ソース ファイル\Windows</Filter>
    </ClCompile>
    <ClCompile Include="src\UiAutomationFactory.cpp">
      <Filter>ソース ファイル\Windows</Filter>
    </ClCompile>
    <ClCompile Include="src\UiAutomationInternal.cpp">
      <Filter>ソース ファイル\Windows</Filter>
    </ClCompile>
    <ClCompile Include="src\UnicodeEscape.cpp">
      <Filter>ソース ファイル\Unicode</Filter>
    </ClCompile>
    <ClCompile Include="src\ErrorMessage.cpp">
      <Filter>ソース ファイル\Windows</Filter>
    </ClCompile>
    <ClCompile Include="src\SystemTimeToString.cpp">
      <Filter>ソース ファイル\Time</Filter>
    </ClCompile>
    <ClCompile Include="src\ResourceReader.cpp">
      <Filter>ソース ファイル\Windows</Filter>
    </ClCompile>
    <ClCompile Include="src\ResourceString.cpp">
      <Filter>ソース ファイル\Windows</Filter>
    </ClCompile>
    <ClCompile Include="src\KeyboardBitMap.cpp">
      <Filter>ソース ファイル\Windows</Filter>
    </ClCompile>
    <ClCompile Include="src\Impersonator.cpp">
      <Filter>ソース ファイル\Windows</Filter>
    </ClCompile>
    <ClCompile Include="src\CoreLibrary.cpp">
      <Filter>ソース ファイル\Runtime</Filter>
    </ClCompile>
    <ClCompile Include="src\Exception.cpp">
      <Filter>ソース ファイル\Runtime</Filter>
    </ClCompile>
    <ClCompile Include="src\Debug.cpp">
      <Filter>ソース ファイル\Runtime</Filter>
    </ClCompile>
    <ClCompile Include="src\Heap.cpp">
      <Filter>ソース ファイル\Runtime</Filter>
    </ClCompile>
    <ClCompile Include="src\FormatException.cpp">
      <Filter>ソース ファイル\Runtime</Filter>
    </ClCompile>
    <ClCompile Include="src\HexFormatException.cpp">
      <Filter>ソース ファイル\Runtime</Filter>
    </ClCompile>
    <ClCompile Include="src\SecretFactory.cpp">
      <Filter>ソース ファイル\Cryptography</Filter>
    </ClCompile>
    <ClCompile Include="src\SecretInternal.cpp">
      <Filter>ソース ファイル\Cryptography</Filter>
    </ClCompile>
    <ClCompile Include="src\StringUtils.cpp">
      <Filter>ソース ファイル\StringHelpers</Filter>
    </ClCompile>
    <ClCompile Include="src\NumberText.cpp">
      <Filter>ソース ファイル\StringHelpers</Filter>
    </ClCompile>
    <ClCompile Include="src\Args.cpp">
      <Filter>ソース ファイル\StringHelpers</Filter>
    </ClCompile>
    <ClCompile Include="src\KeyValueMap.cpp">
      <Filter>ソース ファイル\StringHelpers</Filter>
    </ClCompile>
    <ClCompile Include="src\PasswordHolder.cpp">
      <Filter>ソース ファイル\Cryptography</Filter>
    </ClCompile>
    <ClCompile Include="src\SyntheticInput.cpp">
      <Filter>ソース ファイル\Windows</Filter>
    </ClCompile>
    <ClCompile Include="src\DoubleNullTerminatedStringArray.cpp">
      <Filter>ソース ファイル\StringHelpers</Filter>
    </ClCompile>
    <ClCompile Include="src\CommandLine.cpp">
      <Filter>ソース ファイル\StringHelpers</Filter>
    </ClCompile>
    <ClCompile Include="src\CommandTemplate.cpp">
      <Filter>ソース ファイル\StringHelpers</Filter>
    </ClCompile>
    <ClCompile Include="src\CharacterMappingException.cpp">
      <Filter>ソース ファイル\Unicode</Filter>
    </ClCompile>
    <ClCompile Include="src\AdapterAddressCollection.cpp">
      <Filter>ソース ファイル\Networking</Filter>
    </ClCompile>
    <ClCompile Include="src\FileTime_ctor.cpp">
      <Filter>ソース ファイル\Time</Filter>
    </ClCompile>
    <ClCompile Include="src\FileTime_FromSystemTime.cpp">
      <Filter>ソース ファイル\Time</Filter>
    </ClCompile>
    <ClCompile Include="src\FileTime_FromLocalTime.cpp">
      <Filter>ソース ファイル\Time</Filter>
    </ClCompile>
    <ClCompile Include="src\FileTime_From.cpp">
      <Filter>ソース ファイル\Time</Filter>
    </ClCompile>
    <ClCompile Include="src\FileTime_ToSystemTime.cpp">
      <Filter>ソース ファイル\Time</Filter>
    </ClCompile>
    <ClCompile Include="src\GetLastDayOfMonth.cpp">
      <Filter>ソース ファイル\Time</Filter>
    </ClCompile>
    <ClCompile Include="src\GetWeekDay.cpp">
      <Filter>ソース ファイル\Time</Filter>
    </ClCompile>
    <ClCompile Include="src\GetDayOfWeek.cpp">
      <Filter>ソース ファイル\Time</Filter>
    </ClCompile>
    <ClCompile Include="src\Path.cpp">
      <Filter>ソース ファイル\StringHelpers</Filter>
    </ClCompile>
    <ClCompile Include="src\MultibyteString.cpp">
      <Filter>ソース ファイル\StringHelpers</Filter>
    </ClCompile>
    <ClCompile Include="src\StringCollection.cpp">
      <Filter>ソース ファイル\StringHelpers</Filter>
    </ClCompile>
    <ClCompile Include="src\ZipFile_ExtractFiles.cpp">
      <Filter>ソース ファイル\Zip</Filter>
    </ClCompile>
    <ClCompile Include="src\Path_GetTemporaryDirectory.cpp">
      <Filter>ソース ファイル\StringHelpers</Filter>
    </ClCompile>
    <ClCompile Include="src\Path_CreateDirectory.cpp">
      <Filter>ソース ファイル\StringHelpers</Filter>
    </ClCompile>
    <ClCompile Include="src\Path_RemoveDirectory.cpp">
      <Filter>ソース ファイル\StringHelpers</Filter>
    </ClCompile>
    <ClCompile Include="src\ShellDispatchPtr_ctor.cpp">
      <Filter>ソース ファイル\Windows</Filter>
    </ClCompile>
    <ClCompile Include="src\FolderPtr_ctor.cpp">
      <Filter>ソース ファイル\Windows</Filter>
    </ClCompile>
    <ClCompile Include="src\FolderPtr_dtor.cpp">
      <Filter>ソース ファイル\Windows</Filter>
    </ClCompile>
    <ClCompile Include="src\ShellDispatchPtr_dtor.cpp">
      <Filter>ソース ファイル\Windows</Filter>
    </ClCompile>
    <ClCompile Include="src\FolderItemsPtr_ctor.cpp">
      <Filter>ソース ファイル\Windows</Filter>
    </ClCompile>
    <ClCompile Include="src\FolderItemsPtr_dtor.cpp">
      <Filter>ソース ファイル\Windows</Filter>
    </ClCompile>
    <ClCompile Include="src\FolderItemsPtr_property.cpp">
      <Filter>ソース ファイル\Windows</Filter>
    </ClCompile>
    <ClCompile Include="src\FolderItemPtr_ctor.cpp">
      <Filter>ソース ファイル\Windows</Filter>
    </ClCompile>
    <ClCompile Include="src\FolderItemPtr_property.cpp">
      <Filter>ソース ファイル\Windows</Filter>
    </ClCompile>
    <ClCompile Include="src\FolderItemPtr_dtor.cpp">
      <Filter>ソース ファイル\Windows</Filter>
    </ClCompile>
    <ClCompile Include="src\ZipFile_ctor.cpp">
      <Filter>ソース ファイル\Zip</Filter>
    </ClCompile>
    <ClCompile Include="src\FolderItemPtr_ForEach.cpp">
      <Filter>ソース ファイル\Windows</Filter>
    </ClCompile>
    <ClCompile Include="src\FolderItemPtr_CopyTo.cpp">
      <Filter>ソース ファイル\Windows</Filter>
    </ClCompile>
    <ClCompile Include="src\ZipFile_ForEach.cpp">
      <Filter>ソース ファイル\Zip</Filter>
    </ClCompile>
    <ClCompile Include="src\String_CompareCaseInsensitively.cpp">
      <Filter>ソース ファイル\String</Filter>
    </ClCompile>
    <ClCompile Include="src\String_LastIndexOf.cpp">
      <Filter>ソース ファイル\String</Filter>
    </ClCompile>
    <ClCompile Include="src\String_Substring.cpp">
      <Filter>ソース ファイル\String</Filter>
    </ClCompile>
    <ClCompile Include="src\SemanticVersion.cpp">
      <Filter>ソース ファイル\StringHelpers</Filter>
    </ClCompile>
    <ClCompile Include="src\Environment.cpp">
      <Filter>ソース ファイル\Windows</Filter>
    </ClCompile>
  </ItemGroup>
</Project>